
Microsoft Visual Studio Solution File, Format Version 12.00
# Visual Studio 15
VisualStudioVersion = 15.0.27428.1
MinimumVisualStudioVersion = 10.0.40219.1
Project("{FAE04EC0-301F-11D3-BF4B-00C04F79EFBC}") = "SocialOrganization", "SocialOrganization\SocialOrganization.csproj", "{122C3EA5-B927-4AE8-B0F2-EB19FF6D2B95}"
EndProject
Global
	GlobalSection(SolutionConfigurationPlatforms) = preSolution
		Debug|Any CPU = Debug|Any CPU
		Release|Any CPU = Release|Any CPU
	EndGlobalSection
	GlobalSection(ProjectConfigurationPlatforms) = postSolution
		{122C3EA5-B927-4AE8-B0F2-EB19FF6D2B95}.Debug|Any CPU.ActiveCfg = Debug|Any CPU
		{122C3EA5-B927-4AE8-B0F2-EB19FF6D2B95}.Debug|Any CPU.Build.0 = Debug|Any CPU
		{122C3EA5-B927-4AE8-B0F2-EB19FF6D2B95}.Release|Any CPU.ActiveCfg = Release|Any CPU
		{122C3EA5-B927-4AE8-B0F2-EB19FF6D2B95}.Release|Any CPU.Build.0 = Release|Any CPU
	EndGlobalSection
	GlobalSection(SolutionProperties) = preSolution
		HideSolutionNode = FALSE
	EndGlobalSection
	GlobalSection(ExtensibilityGlobals) = postSolution
		SolutionGuid = {7D3BCFC7-7573-4819-BE7E-4E1D2B103258}
	EndGlobalSection
EndGlobal
